{
    "_readme": [
        "This file locks the dependencies of your project to a known state",
        "Read more about it at https://getcomposer.org/doc/01-basic-usage.md#composer-lock-the-lock-file",
        "This file is @generated automatically"
    ],
    "content-hash": "743bfe1fc1adda7979ff7eaa32b74b54",
    "packages": [
        {
            "name": "sjorek/unicode-normalization",
            "version": "v0.2.1",
            "source": {
                "type": "git",
                "url": "https://github.com/sjorek/unicode-normalization.git",
                "reference": "e21a01a0a4ae134f1b71b1b2b49a4c8967f70ee1"
            },
            "dist": {
                "type": "zip",
                "url": "https://api.github.com/repos/sjorek/unicode-normalization/zipball/e21a01a0a4ae134f1b71b1b2b49a4c8967f70ee1",
                "reference": "e21a01a0a4ae134f1b71b1b2b49a4c8967f70ee1",
                "shasum": ""
            },
            "require": {
                "php": "^7.0",
                "symfony/filesystem": "^3.4 || ^4.0"
            },
            "replace": {
                "sjorek/unicode-normalization-stream-filter": "*"
            },
            "require-dev": {
                "ext-iconv": "*",
                "ext-intl": "*",
                "ext-mbstring": "*",
                "ext-zlib": "*",
                "friendsofphp/php-cs-fixer": "^2.7",
                "mikey179/vfsstream": "^1.6",
                "phpunit/phpunit": "^6.5",
                "sensiolabs/security-checker": "^4.1"
            },
            "suggest": {
                "ext-iconv": "Eventually enables a special unicode-normalization mode for HFS+ filesystems (NFD_MAC), if the 'iconv' extension supports the 'utf-8-mac' charset.",
                "ext-intl": "For best performance, but please consider 'sjorek/unicode-normalization-native-implementation' package instead.",
                "ext-mbstring": "For best performance, but please consider 'sjorek/unicode-normalization-native-implementation' package instead.",
                "patchwork/utf8": "For compatibility, if one of the above php extensions 'mbstring' or 'intl' is not available and the 'symfony/polyfill-*' packages are not suiteable.",
                "symfony/polyfill-intl-normalizer": "For compatibility, if the php extension 'intl' is not available and the 'patchwork/utf8' package is not suiteable.",
                "symfony/polyfill-mbstring": "For compatibility, if the php extension 'intl' is not available and the 'patchwork/utf8' package is not suiteable."
            },
            "type": "library",
            "autoload": {
                "psr-4": {
                    "Sjorek\\UnicodeNormalization\\": "src/UnicodeNormalization"
                },
                "files": [
                    "src/bootstrap.php"
                ]
            },
            "notification-url": "https://packagist.org/downloads/",
            "license": [
                "BSD-3-Clause"
            ],
            "authors": [
                {
                    "name": "Stephan Jorek",
                    "email": "stephan.jorek@gmail.com"
                }
            ],
            "description": "An enhanced facade to existing unicode-normalization implementations.",
            "homepage": "https://sjorek.github.io/unicode-normalization/",
            "keywords": [
                "nfc",
                "nfd",
                "nfkc",
                "nfkd",
                "normalization",
                "stream",
                "stream-filter",
                "unicode",
                "utf8"
            ],
            "time": "2018-03-15T19:22:21+00:00"
        },
        {
            "name": "symfony/filesystem",
            "version": "v4.0.6",
            "source": {
                "type": "git",
                "url": "https://github.com/symfony/filesystem.git",
                "reference": "5d2d655b2c72fc4d9bf7e9bf14f72a447b940f21"
            },
            "dist": {
                "type": "zip",
                "url": "https://api.github.com/repos/symfony/filesystem/zipball/5d2d655b2c72fc4d9bf7e9bf14f72a447b940f21",
                "reference": "5d2d655b2c72fc4d9bf7e9bf14f72a447b940f21",
                "shasum": ""
            },
            "require": {
                "php": "^7.1.3"
            },
            "type": "library",
            "extra": {
                "branch-alias": {
                    "dev-master": "4.0-dev"
                }
            },
            "autoload": {
                "psr-4": {
                    "Symfony\\Component\\Filesystem\\": ""
                },
                "exclude-from-classmap": [
                    "/Tests/"
                ]
            },
            "notification-url": "https://packagist.org/downloads/",
            "license": [
                "MIT"
            ],
            "authors": [
                {
                    "name": "Fabien Potencier",
                    "email": "fabien@symfony.com"
                },
                {
                    "name": "Symfony Community",
                    "homepage": "https://symfony.com/contributors"
                }
            ],
            "description": "Symfony Filesystem Component",
            "homepage": "https://symfony.com",
            "time": "2018-02-22T10:50:29+00:00"
        }
    ],
    "packages-dev": [],
    "aliases": [],
    "minimum-stability": "stable",
    "stability-flags": [],
    "prefer-stable": false,
    "prefer-lowest": false,
    "platform": {
        "php": ">=7.0"
    },
    "platform-dev": []
}
